{
  "name": "cache-control-headers",
  "version": "0.3.0",
  "lockfileVersion": 2,
  "requires": true,
  "packages": {
    "": {
      "name": "cache-control-headers",
      "version": "0.3.0",
      "license": "MIT",
      "dependencies": {
        "case-shift": "^2.5.3"
      },
      "devDependencies": {
        "typescript": "^4.9.4"
      }
    },
    "node_modules/case-shift": {
      "version": "2.5.3",
      "resolved": "https://registry.npmjs.org/case-shift/-/case-shift-2.5.3.tgz",
      "integrity": "sha512-6SdS9W5xu82Kj1Z6f14h0zsbWTdXGtD0RftPNnqbAFFqqlzX1SMFi1E1NDIBg5LC2m9EYWWPUV80nTb3iu2e6Q=="
    },
    "node_modules/typescript": {
      "version": "4.9.4",
      "resolved": "https://registry.npmjs.org/typescript/-/typescript-4.9.4.tgz",
      "integrity": "sha512-Uz+dTXYzxXXbsFpM86Wh3dKCxrQqUcVMxwU54orwlJjOpO3ao8L7j5lH+dWfTwgCwIuM9GQ2kvVotzYJMXTBZg==",
      "dev": true,
      "bin": {
        "tsc": "bin/tsc",
        "tsserver": "bin/tsserver"
      },
      "engines": {
        "node": ">=4.2.0"
      }
    }
  },
  "dependencies": {
    "case-shift": {
      "version": "2.5.3",
      "resolved": "https://registry.npmjs.org/case-shift/-/case-shift-2.5.3.tgz",
      "integrity": "sha512-6SdS9W5xu82Kj1Z6f14h0zsbWTdXGtD0RftPNnqbAFFqqlzX1SMFi1E1NDIBg5LC2m9EYWWPUV80nTb3iu2e6Q=="
    },
    "typescript": {
      "version": "4.9.4",
      "resolved": "https://registry.npmjs.org/typescript/-/typescript-4.9.4.tgz",
      "integrity": "sha512-Uz+dTXYzxXXbsFpM86Wh3dKCxrQqUcVMxwU54orwlJjOpO3ao8L7j5lH+dWfTwgCwIuM9GQ2kvVotzYJMXTBZg==",
      "dev": true
    }
  }
}
